
Microsoft Visual Studio Solution File, Format Version 12.00
# Visual Studio Version 16
VisualStudioVersion = 16.0.28803.202
MinimumVisualStudioVersion = 10.0.40219.1
Project("{E24C65DC-7377-472B-9ABA-BC803B73C61A}") = "HTML(2)", "HTML\", "{8E14F032-6965-47D4-8210-9FA90F2AC234}"
	ProjectSection(WebsiteProperties) = preProject
		TargetFrameworkMoniker = ".NETFramework,Version%3Dv4.0"
		Debug.AspNetCompiler.VirtualPath = "/localhost_59537"
		Debug.AspNetCompiler.PhysicalPath = "HTML\"
		Debug.AspNetCompiler.TargetPath = "PrecompiledWeb\localhost_59537\"
		Debug.AspNetCompiler.Updateable = "true"
		Debug.AspNetCompiler.ForceOverwrite = "true"
		Debug.AspNetCompiler.FixedNames = "false"
		Debug.AspNetCompiler.Debug = "True"
		Release.AspNetCompiler.VirtualPath = "/localhost_59537"
		Release.AspNetCompiler.PhysicalPath = "HTML\"
		Release.AspNetCompiler.TargetPath = "PrecompiledWeb\localhost_59537\"
		Release.AspNetCompiler.Updateable = "true"
		Release.AspNetCompiler.ForceOverwrite = "true"
		Release.AspNetCompiler.FixedNames = "false"
		Release.AspNetCompiler.Debug = "False"
		VWDPort = "59537"
		SlnRelativePath = "HTML\"
	EndProjectSection
EndProject
Project("{E24C65DC-7377-472B-9ABA-BC803B73C61A}") = "JavaScript", "JavaScript\", "{47A5A600-FEDB-449A-9837-701DECFA8071}"
	ProjectSection(WebsiteProperties) = preProject
		TargetFrameworkMoniker = ".NETFramework,Version%3Dv4.0"
		Debug.AspNetCompiler.VirtualPath = "/localhost_65059"
		Debug.AspNetCompiler.PhysicalPath = "JavaScript\"
		Debug.AspNetCompiler.TargetPath = "PrecompiledWeb\localhost_65059\"
		Debug.AspNetCompiler.Updateable = "true"
		Debug.AspNetCompiler.ForceOverwrite = "true"
		Debug.AspNetCompiler.FixedNames = "false"
		Debug.AspNetCompiler.Debug = "True"
		Release.AspNetCompiler.VirtualPath = "/localhost_65059"
		Release.AspNetCompiler.PhysicalPath = "JavaScript\"
		Release.AspNetCompiler.TargetPath = "PrecompiledWeb\localhost_65059\"
		Release.AspNetCompiler.Updateable = "true"
		Release.AspNetCompiler.ForceOverwrite = "true"
		Release.AspNetCompiler.FixedNames = "false"
		Release.AspNetCompiler.Debug = "False"
		VWDPort = "65059"
		SlnRelativePath = "JavaScript\"
	EndProjectSection
EndProject
Project("{E24C65DC-7377-472B-9ABA-BC803B73C61A}") = "CssText", "CssText\", "{D8B0DC60-D620-495A-90F0-39A2D149E16F}"
	ProjectSection(WebsiteProperties) = preProject
		TargetFrameworkMoniker = ".NETFramework,Version%3Dv4.0"
		Debug.AspNetCompiler.VirtualPath = "/localhost_49662"
		Debug.AspNetCompiler.PhysicalPath = "CssText\"
		Debug.AspNetCompiler.TargetPath = "PrecompiledWeb\localhost_49662\"
		Debug.AspNetCompiler.Updateable = "true"
		Debug.AspNetCompiler.ForceOverwrite = "true"
		Debug.AspNetCompiler.FixedNames = "false"
		Debug.AspNetCompiler.Debug = "True"
		Release.AspNetCompiler.VirtualPath = "/localhost_49662"
		Release.AspNetCompiler.PhysicalPath = "CssText\"
		Release.AspNetCompiler.TargetPath = "PrecompiledWeb\localhost_49662\"
		Release.AspNetCompiler.Updateable = "true"
		Release.AspNetCompiler.ForceOverwrite = "true"
		Release.AspNetCompiler.FixedNames = "false"
		Release.AspNetCompiler.Debug = "False"
		VWDPort = "49662"
	EndProjectSection
EndProject
Project("{E24C65DC-7377-472B-9ABA-BC803B73C61A}") = "CssTable", "CssTable\", "{925DB7A5-754D-403D-9E0D-CBBCEE54F43B}"
	ProjectSection(WebsiteProperties) = preProject
		TargetFrameworkMoniker = ".NETFramework,Version%3Dv4.0"
		Debug.AspNetCompiler.VirtualPath = "/localhost_49663"
		Debug.AspNetCompiler.PhysicalPath = "CssTable\"
		Debug.AspNetCompiler.TargetPath = "PrecompiledWeb\localhost_49663\"
		Debug.AspNetCompiler.Updateable = "true"
		Debug.AspNetCompiler.ForceOverwrite = "true"
		Debug.AspNetCompiler.FixedNames = "false"
		Debug.AspNetCompiler.Debug = "True"
		Release.AspNetCompiler.VirtualPath = "/localhost_49663"
		Release.AspNetCompiler.PhysicalPath = "CssTable\"
		Release.AspNetCompiler.TargetPath = "PrecompiledWeb\localhost_49663\"
		Release.AspNetCompiler.Updateable = "true"
		Release.AspNetCompiler.ForceOverwrite = "true"
		Release.AspNetCompiler.FixedNames = "false"
		Release.AspNetCompiler.Debug = "False"
		VWDPort = "49663"
	EndProjectSection
EndProject
Project("{E24C65DC-7377-472B-9ABA-BC803B73C61A}") = "CssForm", "CssForm\", "{BCD9793B-5E55-475A-82E9-F85E0F96C22E}"
	ProjectSection(WebsiteProperties) = preProject
		TargetFrameworkMoniker = ".NETFramework,Version%3Dv4.0"
		Debug.AspNetCompiler.VirtualPath = "/localhost_52090"
		Debug.AspNetCompiler.PhysicalPath = "CssForm\"
		Debug.AspNetCompiler.TargetPath = "PrecompiledWeb\localhost_52090\"
		Debug.AspNetCompiler.Updateable = "true"
		Debug.AspNetCompiler.ForceOverwrite = "true"
		Debug.AspNetCompiler.FixedNames = "false"
		Debug.AspNetCompiler.Debug = "True"
		Release.AspNetCompiler.VirtualPath = "/localhost_52090"
		Release.AspNetCompiler.PhysicalPath = "CssForm\"
		Release.AspNetCompiler.TargetPath = "PrecompiledWeb\localhost_52090\"
		Release.AspNetCompiler.Updateable = "true"
		Release.AspNetCompiler.ForceOverwrite = "true"
		Release.AspNetCompiler.FixedNames = "false"
		Release.AspNetCompiler.Debug = "False"
		VWDPort = "52090"
	EndProjectSection
EndProject
Global
	GlobalSection(SolutionConfigurationPlatforms) = preSolution
		Debug|Any CPU = Debug|Any CPU
	EndGlobalSection
	GlobalSection(ProjectConfigurationPlatforms) = postSolution
		{8E14F032-6965-47D4-8210-9FA90F2AC234}.Debug|Any CPU.ActiveCfg = Debug|Any CPU
		{8E14F032-6965-47D4-8210-9FA90F2AC234}.Debug|Any CPU.Build.0 = Debug|Any CPU
		{47A5A600-FEDB-449A-9837-701DECFA8071}.Debug|Any CPU.ActiveCfg = Debug|Any CPU
		{47A5A600-FEDB-449A-9837-701DECFA8071}.Debug|Any CPU.Build.0 = Debug|Any CPU
		{D8B0DC60-D620-495A-90F0-39A2D149E16F}.Debug|Any CPU.ActiveCfg = Debug|Any CPU
		{D8B0DC60-D620-495A-90F0-39A2D149E16F}.Debug|Any CPU.Build.0 = Debug|Any CPU
		{925DB7A5-754D-403D-9E0D-CBBCEE54F43B}.Debug|Any CPU.ActiveCfg = Debug|Any CPU
		{925DB7A5-754D-403D-9E0D-CBBCEE54F43B}.Debug|Any CPU.Build.0 = Debug|Any CPU
		{BCD9793B-5E55-475A-82E9-F85E0F96C22E}.Debug|Any CPU.ActiveCfg = Debug|Any CPU
		{BCD9793B-5E55-475A-82E9-F85E0F96C22E}.Debug|Any CPU.Build.0 = Debug|Any CPU
	EndGlobalSection
	GlobalSection(SolutionProperties) = preSolution
		HideSolutionNode = FALSE
	EndGlobalSection
	GlobalSection(ExtensibilityGlobals) = postSolution
		SolutionGuid = {C154BF12-7289-4B83-AA72-7AA6022F94F1}
	EndGlobalSection
EndGlobal
